{
  "name": "Coldairarrow.WX",
  "lockfileVersion": 3,
  "requires": true,
  "packages": {
    "": {
      "dependencies": {
        "tdesign-miniprogram": "^1.2.1",
        "wl-pinyin": "^1.0.1"
      }
    },
    "node_modules/dayjs": {
      "version": "1.11.9",
      "resolved": "https://registry.npmjs.org/dayjs/-/dayjs-1.11.9.tgz",
      "integrity": "sha512-QvzAURSbQ0pKdIye2txOzNaHmxtUBXerpY0FJsFXUMKbIZeFm5ht1LS/jFsrncjnmtv8HsG0W2g6c0zUjZWmpA=="
    },
    "node_modules/tdesign-miniprogram": {
      "version": "1.2.1",
      "resolved": "https://registry.npmjs.org/tdesign-miniprogram/-/tdesign-miniprogram-1.2.1.tgz",
      "integrity": "sha512-wUOPKD4O4+Kx9LgPt4Tp3UmMM1eTRDwOW8lQvZZPxtApxV9iVu2zo4ZJXXanjuukdlQM+idg/oKAO7HymsEWrA==",
      "dependencies": {
        "dayjs": "^1.10.7"
      }
    },
    "node_modules/wl-pinyin": {
      "version": "1.0.1",
      "resolved": "https://registry.npmjs.org/wl-pinyin/-/wl-pinyin-1.0.1.tgz",
      "integrity": "sha512-cn7MSdsJoaC6a4w94OoScCui2OuJhVNOZ/DL0g+6ZHWkDxKvwUQPC5NQiOOsBGql65YTgV5DTZRUzvJ1ATbTOw=="
    }
  }
}
